
Microsoft Visual Studio Solution File, Format Version 12.00
Project("{FAE04EC0-301F-11D3-BF4B-00C04F79EFBC}") = "SmartHome.Gui", "SmartHome.Gui\SmartHome.Gui.csproj", "{D052E0FF-1E8A-4D42-ABC6-DB8530F75711}"
EndProject
Project("{FAE04EC0-301F-11D3-BF4B-00C04F79EFBC}") = "SmartHome.Core", "SmartHome.Core\SmartHome.Core.csproj", "{335CBF63-D42A-4B09-9755-EAE4ABABCA65}"
EndProject
Global
	GlobalSection(SolutionConfigurationPlatforms) = preSolution
		Debug|Any CPU = Debug|Any CPU
		Release|Any CPU = Release|Any CPU
	EndGlobalSection
	GlobalSection(ProjectConfigurationPlatforms) = postSolution
		{D052E0FF-1E8A-4D42-ABC6-DB8530F75711}.Debug|Any CPU.ActiveCfg = Debug|Any CPU
		{D052E0FF-1E8A-4D42-ABC6-DB8530F75711}.Debug|Any CPU.Build.0 = Debug|Any CPU
		{D052E0FF-1E8A-4D42-ABC6-DB8530F75711}.Release|Any CPU.ActiveCfg = Release|Any CPU
		{D052E0FF-1E8A-4D42-ABC6-DB8530F75711}.Release|Any CPU.Build.0 = Release|Any CPU
		{20E0EEF3-4423-4E6D-8D13-BC8EBEB42A81}.Debug|Any CPU.ActiveCfg = Debug|Any CPU
		{20E0EEF3-4423-4E6D-8D13-BC8EBEB42A81}.Debug|Any CPU.Build.0 = Debug|Any CPU
		{20E0EEF3-4423-4E6D-8D13-BC8EBEB42A81}.Release|Any CPU.ActiveCfg = Release|Any CPU
		{20E0EEF3-4423-4E6D-8D13-BC8EBEB42A81}.Release|Any CPU.Build.0 = Release|Any CPU
		{335CBF63-D42A-4B09-9755-EAE4ABABCA65}.Debug|Any CPU.ActiveCfg = Debug|Any CPU
		{335CBF63-D42A-4B09-9755-EAE4ABABCA65}.Debug|Any CPU.Build.0 = Debug|Any CPU
		{335CBF63-D42A-4B09-9755-EAE4ABABCA65}.Release|Any CPU.ActiveCfg = Release|Any CPU
		{335CBF63-D42A-4B09-9755-EAE4ABABCA65}.Release|Any CPU.Build.0 = Release|Any CPU
	EndGlobalSection
EndGlobal
